
Microsoft Visual Studio Solution File, Format Version 12.00
Project("{FAE04EC0-301F-11D3-BF4B-00C04F79EFBC}") = "Server", "Server\Server.csproj", "{A276FA6B-24D4-4415-B19A-C2980408CDAF}"
EndProject
Project("{FAE04EC0-301F-11D3-BF4B-00C04F79EFBC}") = "Server.Test", "Server.Test\Server.Test.csproj", "{DBC63442-082A-44D6-88F7-A6D24F912567}"
EndProject
Project("{FAE04EC0-301F-11D3-BF4B-00C04F79EFBC}") = "WpfClient", "WpfClient\WpfClient.csproj", "{3B479F7B-DAF9-4240-B6C3-FB3B1C405C53}"
EndProject
Project("{FAE04EC0-301F-11D3-BF4B-00C04F79EFBC}") = "CliClient", "CliClient\CliClient.csproj", "{7970DCAE-CBA1-438C-8752-D19A84E2A14D}"
EndProject
Global
	GlobalSection(SolutionConfigurationPlatforms) = preSolution
		Debug|Any CPU = Debug|Any CPU
		Release|Any CPU = Release|Any CPU
	EndGlobalSection
	GlobalSection(ProjectConfigurationPlatforms) = postSolution
		{A276FA6B-24D4-4415-B19A-C2980408CDAF}.Debug|Any CPU.ActiveCfg = Debug|Any CPU
		{A276FA6B-24D4-4415-B19A-C2980408CDAF}.Debug|Any CPU.Build.0 = Debug|Any CPU
		{A276FA6B-24D4-4415-B19A-C2980408CDAF}.Release|Any CPU.ActiveCfg = Release|Any CPU
		{A276FA6B-24D4-4415-B19A-C2980408CDAF}.Release|Any CPU.Build.0 = Release|Any CPU
		{DBC63442-082A-44D6-88F7-A6D24F912567}.Debug|Any CPU.ActiveCfg = Debug|Any CPU
		{DBC63442-082A-44D6-88F7-A6D24F912567}.Debug|Any CPU.Build.0 = Debug|Any CPU
		{DBC63442-082A-44D6-88F7-A6D24F912567}.Release|Any CPU.ActiveCfg = Release|Any CPU
		{DBC63442-082A-44D6-88F7-A6D24F912567}.Release|Any CPU.Build.0 = Release|Any CPU
		{3B479F7B-DAF9-4240-B6C3-FB3B1C405C53}.Debug|Any CPU.ActiveCfg = Debug|Any CPU
		{3B479F7B-DAF9-4240-B6C3-FB3B1C405C53}.Debug|Any CPU.Build.0 = Debug|Any CPU
		{3B479F7B-DAF9-4240-B6C3-FB3B1C405C53}.Release|Any CPU.ActiveCfg = Release|Any CPU
		{3B479F7B-DAF9-4240-B6C3-FB3B1C405C53}.Release|Any CPU.Build.0 = Release|Any CPU
		{7970DCAE-CBA1-438C-8752-D19A84E2A14D}.Debug|Any CPU.ActiveCfg = Debug|Any CPU
		{7970DCAE-CBA1-438C-8752-D19A84E2A14D}.Debug|Any CPU.Build.0 = Debug|Any CPU
		{7970DCAE-CBA1-438C-8752-D19A84E2A14D}.Release|Any CPU.ActiveCfg = Release|Any CPU
		{7970DCAE-CBA1-438C-8752-D19A84E2A14D}.Release|Any CPU.Build.0 = Release|Any CPU
	EndGlobalSection
EndGlobal
